
Microsoft Visual Studio Solution File, Format Version 12.00
# Visual Studio 15
VisualStudioVersion = 15.0.27004.2006
MinimumVisualStudioVersion = 10.0.40219.1
Project("{FAE04EC0-301F-11D3-BF4B-00C04F79EFBC}") = "GameCatalog", "GameCatalog\GameCatalog.csproj", "{0E58073E-6FF3-482D-8D6D-A0426EC96BE6}"
EndProject
Project("{FAE04EC0-301F-11D3-BF4B-00C04F79EFBC}") = "GameCatalog.Data", "GameCatalog.Data\GameCatalog.Data.csproj", "{C833086A-1DB5-478B-8113-96821AEC923F}"
EndProject
Global
	GlobalSection(SolutionConfigurationPlatforms) = preSolution
		Debug|Any CPU = Debug|Any CPU
		Release|Any CPU = Release|Any CPU
	EndGlobalSection
	GlobalSection(ProjectConfigurationPlatforms) = postSolution
		{0E58073E-6FF3-482D-8D6D-A0426EC96BE6}.Debug|Any CPU.ActiveCfg = Debug|Any CPU
		{0E58073E-6FF3-482D-8D6D-A0426EC96BE6}.Debug|Any CPU.Build.0 = Debug|Any CPU
		{0E58073E-6FF3-482D-8D6D-A0426EC96BE6}.Release|Any CPU.ActiveCfg = Release|Any CPU
		{0E58073E-6FF3-482D-8D6D-A0426EC96BE6}.Release|Any CPU.Build.0 = Release|Any CPU
		{C833086A-1DB5-478B-8113-96821AEC923F}.Debug|Any CPU.ActiveCfg = Debug|Any CPU
		{C833086A-1DB5-478B-8113-96821AEC923F}.Debug|Any CPU.Build.0 = Debug|Any CPU
		{C833086A-1DB5-478B-8113-96821AEC923F}.Release|Any CPU.ActiveCfg = Release|Any CPU
		{C833086A-1DB5-478B-8113-96821AEC923F}.Release|Any CPU.Build.0 = Release|Any CPU
	EndGlobalSection
	GlobalSection(SolutionProperties) = preSolution
		HideSolutionNode = FALSE
	EndGlobalSection
	GlobalSection(ExtensibilityGlobals) = postSolution
		SolutionGuid = {DE63B71F-9E23-4A6E-812C-4B42926AE63F}
	EndGlobalSection
EndGlobal
